
Microsoft Visual Studio Solution File, Format Version 12.00
# Visual Studio Version 17
VisualStudioVersion = 17.4.33213.308
MinimumVisualStudioVersion = 10.0.40219.1
Project("{FAE04EC0-301F-11D3-BF4B-00C04F79EFBC}") = "APICatalogo", "APICatalogo\APICatalogo.csproj", "{AB7AD1F7-17BC-42CD-9F87-054545B5E5EF}"
EndProject
Global
	GlobalSection(SolutionConfigurationPlatforms) = preSolution
		Debug|Any CPU = Debug|Any CPU
		Release|Any CPU = Release|Any CPU
	EndGlobalSection
	GlobalSection(ProjectConfigurationPlatforms) = postSolution
		{AB7AD1F7-17BC-42CD-9F87-054545B5E5EF}.Debug|Any CPU.ActiveCfg = Debug|Any CPU
		{AB7AD1F7-17BC-42CD-9F87-054545B5E5EF}.Debug|Any CPU.Build.0 = Debug|Any CPU
		{AB7AD1F7-17BC-42CD-9F87-054545B5E5EF}.Release|Any CPU.ActiveCfg = Release|Any CPU
		{AB7AD1F7-17BC-42CD-9F87-054545B5E5EF}.Release|Any CPU.Build.0 = Release|Any CPU
	EndGlobalSection
	GlobalSection(SolutionProperties) = preSolution
		HideSolutionNode = FALSE
	EndGlobalSection
	GlobalSection(ExtensibilityGlobals) = postSolution
		SolutionGuid = {EDEA51F4-43F0-45CD-9E86-0FEC16554697}
	EndGlobalSection
EndGlobal
